
Microsoft Visual Studio Solution File, Format Version 12.00
# Visual Studio Version 17
VisualStudioVersion = 17.7.34018.315
MinimumVisualStudioVersion = 10.0.40219.1
Project("{FAE04EC0-301F-11D3-BF4B-00C04F79EFBC}") = "SocialMedia", "SocialMedia\SocialMedia.csproj", "{092F124F-97BB-4591-9C26-E7263FB4C0A7}"
EndProject
Global
	GlobalSection(SolutionConfigurationPlatforms) = preSolution
		Debug|Any CPU = Debug|Any CPU
		Release|Any CPU = Release|Any CPU
	EndGlobalSection
	GlobalSection(ProjectConfigurationPlatforms) = postSolution
		{092F124F-97BB-4591-9C26-E7263FB4C0A7}.Debug|Any CPU.ActiveCfg = Debug|Any CPU
		{092F124F-97BB-4591-9C26-E7263FB4C0A7}.Debug|Any CPU.Build.0 = Debug|Any CPU
		{092F124F-97BB-4591-9C26-E7263FB4C0A7}.Release|Any CPU.ActiveCfg = Release|Any CPU
		{092F124F-97BB-4591-9C26-E7263FB4C0A7}.Release|Any CPU.Build.0 = Release|Any CPU
	EndGlobalSection
	GlobalSection(SolutionProperties) = preSolution
		HideSolutionNode = FALSE
	EndGlobalSection
	GlobalSection(ExtensibilityGlobals) = postSolution
		SolutionGuid = {EE7592E9-8CBB-4556-A460-70E55DAA397B}
	EndGlobalSection
EndGlobal
